<Solution>
  <Project Path="SistemaVotoElectronico.API/SistemaVotoElectronico.API.csproj" />
  <Project Path="SistemaVotoElectronico.Modelos/SistemaVotoElectronico.Modelos.csproj" Id="6ba1189a-bdc1-4f9e-a439-042be68462e2" />
  <Project Path="SistemaVotoElectronico.MVC/SistemaVotoElectronico.MVC.csproj" Id="68841158-4414-4c06-9269-d11e382e9f5a" />
</Solution>
